
Microsoft Visual Studio Solution File, Format Version 12.00
# Visual Studio Version 16
VisualStudioVersion = 16.0.29409.12
MinimumVisualStudioVersion = 10.0.40219.1
Project("{FAE04EC0-301F-11D3-BF4B-00C04F79EFBC}") = "BusinessDetailsEF", "BusinessDetailsEF.csproj", "{5E7F9002-BF9E-4DBD-B510-BD6ABAD36595}"
EndProject
Global
	GlobalSection(SolutionConfigurationPlatforms) = preSolution
		Debug|Any CPU = Debug|Any CPU
		Release|Any CPU = Release|Any CPU
	EndGlobalSection
	GlobalSection(ProjectConfigurationPlatforms) = postSolution
		{5E7F9002-BF9E-4DBD-B510-BD6ABAD36595}.Debug|Any CPU.ActiveCfg = Debug|Any CPU
		{5E7F9002-BF9E-4DBD-B510-BD6ABAD36595}.Debug|Any CPU.Build.0 = Debug|Any CPU
		{5E7F9002-BF9E-4DBD-B510-BD6ABAD36595}.Release|Any CPU.ActiveCfg = Release|Any CPU
		{5E7F9002-BF9E-4DBD-B510-BD6ABAD36595}.Release|Any CPU.Build.0 = Release|Any CPU
	EndGlobalSection
	GlobalSection(SolutionProperties) = preSolution
		HideSolutionNode = FALSE
	EndGlobalSection
	GlobalSection(ExtensibilityGlobals) = postSolution
		SolutionGuid = {066CEAE4-E3B9-4068-9607-E5E34BDC3974}
	EndGlobalSection
EndGlobal
